// !$*UTF8*$!
{
	archiveVersion = 1;
	classes = {
	};
	objectVersion = 56;
	objects = {

/* Begin PBXBuildFile section */
		B51893362A9BB4810073D3B1 /* CodeSigning.xcconfig in Resources */ = {isa = PBXBuildFile; fileRef = B51893342A9BB4810073D3B1 /* CodeSigning.xcconfig */; };
		B51893372A9BB4810073D3B1 /* Build.xcconfig in Resources */ = {isa = PBXBuildFile; fileRef = B51893352A9BB4810073D3B1 /* Build.xcconfig */; };
		EB44A06C2AA529190008116D /* LocationManager.swift in Sources */ = {isa = PBXBuildFile; fileRef = EB44A06B2AA529190008116D /* LocationManager.swift */; };
		EB44A06F2AA52BD10008116D /* MapView.swift in Sources */ = {isa = PBXBuildFile; fileRef = EB44A06E2AA52BD10008116D /* MapView.swift */; };
		EB44A0712AA5332D0008116D /* CreditFeedView.swift in Sources */ = {isa = PBXBuildFile; fileRef = EB44A0702AA5332D0008116D /* CreditFeedView.swift */; };
		EB44A0742AA5348F0008116D /* RegisterView.swift in Sources */ = {isa = PBXBuildFile; fileRef = EB44A0732AA5348F0008116D /* RegisterView.swift */; };
		EB44A0762AA549080008116D /* AuthManager.swift in Sources */ = {isa = PBXBuildFile; fileRef = EB44A0752AA549080008116D /* AuthManager.swift */; };
		EB44A0782AA54F2C0008116D /* BackButtonView.swift in Sources */ = {isa = PBXBuildFile; fileRef = EB44A0772AA54F2C0008116D /* BackButtonView.swift */; };
		EB44A07A2AA559AD0008116D /* LoginView.swift in Sources */ = {isa = PBXBuildFile; fileRef = EB44A0792AA559AD0008116D /* LoginView.swift */; };
		EB672B942AA94A0300723178 /* RatingModel.swift in Sources */ = {isa = PBXBuildFile; fileRef = EB672B932AA94A0300723178 /* RatingModel.swift */; };
		EB76ED752A9BC35200EFB341 /* NewsCarousel.swift in Sources */ = {isa = PBXBuildFile; fileRef = EB76ED742A9BC35200EFB341 /* NewsCarousel.swift */; };
		EB76ED792A9BD15000EFB341 /* SplashView.swift in Sources */ = {isa = PBXBuildFile; fileRef = EB76ED782A9BD15000EFB341 /* SplashView.swift */; };
		EB76ED7B2A9BD16100EFB341 /* IntroToCreditView.swift in Sources */ = {isa = PBXBuildFile; fileRef = EB76ED7A2A9BD16100EFB341 /* IntroToCreditView.swift */; };
		EB76ED7D2A9BD35100EFB341 /* NoPhoneOnCoasterView.swift in Sources */ = {isa = PBXBuildFile; fileRef = EB76ED7C2A9BD35100EFB341 /* NoPhoneOnCoasterView.swift */; };
		EB76ED7F2A9BD35D00EFB341 /* TermsConditionsView.swift in Sources */ = {isa = PBXBuildFile; fileRef = EB76ED7E2A9BD35D00EFB341 /* TermsConditionsView.swift */; };
		EB76ED812A9BD51E00EFB341 /* OnboardingView.swift in Sources */ = {isa = PBXBuildFile; fileRef = EB76ED802A9BD51E00EFB341 /* OnboardingView.swift */; };
		EB76ED832A9BE6CE00EFB341 /* AppDelegate.swift in Sources */ = {isa = PBXBuildFile; fileRef = EB76ED822A9BE6CE00EFB341 /* AppDelegate.swift */; };
		EB76ED872A9BEA0A00EFB341 /* SearchFieldView.swift in Sources */ = {isa = PBXBuildFile; fileRef = EB76ED862A9BEA0A00EFB341 /* SearchFieldView.swift */; };
		EB76ED892A9BEBE900EFB341 /* RideCapsuleView.swift in Sources */ = {isa = PBXBuildFile; fileRef = EB76ED882A9BEBE900EFB341 /* RideCapsuleView.swift */; };
		EB88A61F2A9D87AE00819834 /* ProfileSettingCapsules.swift in Sources */ = {isa = PBXBuildFile; fileRef = EB88A61E2A9D87AE00819834 /* ProfileSettingCapsules.swift */; };
		EB89D2942A9AE83100A525BE /* FirebaseAnalytics in Frameworks */ = {isa = PBXBuildFile; productRef = EB89D2932A9AE83100A525BE /* FirebaseAnalytics */; };
		EB89D2962A9AE83100A525BE /* FirebaseAuth in Frameworks */ = {isa = PBXBuildFile; productRef = EB89D2952A9AE83100A525BE /* FirebaseAuth */; };
		EB89D2982A9AE83100A525BE /* FirebaseFirestore in Frameworks */ = {isa = PBXBuildFile; productRef = EB89D2972A9AE83100A525BE /* FirebaseFirestore */; };
		EB89D29A2A9AE85700A525BE /* TabBarView.swift in Sources */ = {isa = PBXBuildFile; fileRef = EB89D2992A9AE85700A525BE /* TabBarView.swift */; };
		EB89D29C2A9AF2E700A525BE /* FeedPageView.swift in Sources */ = {isa = PBXBuildFile; fileRef = EB89D29B2A9AF2E700A525BE /* FeedPageView.swift */; };
		EB89D29E2A9AF2F700A525BE /* RidePageView.swift in Sources */ = {isa = PBXBuildFile; fileRef = EB89D29D2A9AF2F700A525BE /* RidePageView.swift */; };
		EB89D2A02A9AF30100A525BE /* ProfilePageView.swift in Sources */ = {isa = PBXBuildFile; fileRef = EB89D29F2A9AF30100A525BE /* ProfilePageView.swift */; };
		EB89D2A22A9AF30F00A525BE /* HeaderView.swift in Sources */ = {isa = PBXBuildFile; fileRef = EB89D2A12A9AF30F00A525BE /* HeaderView.swift */; };
		EB89D2A42A9B6AF100A525BE /* SettingsPageView.swift in Sources */ = {isa = PBXBuildFile; fileRef = EB89D2A32A9B6AF100A525BE /* SettingsPageView.swift */; };
		EB89D2A72A9BADDF00A525BE /* MapPageView.swift in Sources */ = {isa = PBXBuildFile; fileRef = EB89D2A62A9BADDF00A525BE /* MapPageView.swift */; };
		EBCC85632A9826C000416D97 /* CreditKeeperApp.swift in Sources */ = {isa = PBXBuildFile; fileRef = EBCC85622A9826C000416D97 /* CreditKeeperApp.swift */; };
		EBCC85652A9826C000416D97 /* Persistence.swift in Sources */ = {isa = PBXBuildFile; fileRef = EBCC85642A9826C000416D97 /* Persistence.swift */; };
		EBCC85682A9826C000416D97 /* CreditKeeper.xcdatamodeld in Sources */ = {isa = PBXBuildFile; fileRef = EBCC85662A9826C000416D97 /* CreditKeeper.xcdatamodeld */; };
		EBCC856A2A9826C000416D97 /* MainView.swift in Sources */ = {isa = PBXBuildFile; fileRef = EBCC85692A9826C000416D97 /* MainView.swift */; };
		EBCC85702A9826C400416D97 /* Preview Assets.xcassets in Resources */ = {isa = PBXBuildFile; fileRef = EBCC856F2A9826C400416D97 /* Preview Assets.xcassets */; };
		EBCC857A2A9826C400416D97 /* CreditKeeperTests.swift in Sources */ = {isa = PBXBuildFile; fileRef = EBCC85792A9826C400416D97 /* CreditKeeperTests.swift */; };
		EBCC85842A9826C400416D97 /* CreditKeeperUITests.swift in Sources */ = {isa = PBXBuildFile; fileRef = EBCC85832A9826C400416D97 /* CreditKeeperUITests.swift */; };
		EBCC85862A9826C400416D97 /* CreditKeeperUITestsLaunchTests.swift in Sources */ = {isa = PBXBuildFile; fileRef = EBCC85852A9826C400416D97 /* CreditKeeperUITestsLaunchTests.swift */; };
		EBDBF3752AA502E500A3ED1D /* Launch Screen.storyboard in Resources */ = {isa = PBXBuildFile; fileRef = EBDBF3742AA502E500A3ED1D /* Launch Screen.storyboard */; };
		EBDBF3772AA5059D00A3ED1D /* RideDetailView.swift in Sources */ = {isa = PBXBuildFile; fileRef = EBDBF3762AA5059D00A3ED1D /* RideDetailView.swift */; };
		EBE06CEE2AA9E8EA00AE2D8D /* SAConfettiView.swift in Sources */ = {isa = PBXBuildFile; fileRef = EBE06CED2AA9E8EA00AE2D8D /* SAConfettiView.swift */; };
		EBE06CF12AA9E9DB00AE2D8D /* ConfettiSwiftUI in Frameworks */ = {isa = PBXBuildFile; productRef = EBE06CF02AA9E9DB00AE2D8D /* ConfettiSwiftUI */; };
		EBE06CF32AA9F79200AE2D8D /* MainViewModel_Auth.swift in Sources */ = {isa = PBXBuildFile; fileRef = EBE06CF22AA9F79200AE2D8D /* MainViewModel_Auth.swift */; };
		EBE06CF92AA9FE7300AE2D8D /* NewsModel.swift in Sources */ = {isa = PBXBuildFile; fileRef = EBE06CF82AA9FE7300AE2D8D /* NewsModel.swift */; };
		EBE06CFB2AA9FE7F00AE2D8D /* RelationModel.swift in Sources */ = {isa = PBXBuildFile; fileRef = EBE06CFA2AA9FE7F00AE2D8D /* RelationModel.swift */; };
		EBE4B7562AA25F00007CF67F /* GoogleService-Info.plist in Resources */ = {isa = PBXBuildFile; fileRef = EBE4B7552AA25F00007CF67F /* GoogleService-Info.plist */; };
		EBE4B7582AA260F8007CF67F /* FirestoreManager.swift in Sources */ = {isa = PBXBuildFile; fileRef = EBE4B7572AA260F8007CF67F /* FirestoreManager.swift */; };
		EBE4B75B2AA26170007CF67F /* RideModel.swift in Sources */ = {isa = PBXBuildFile; fileRef = EBE4B75A2AA26170007CF67F /* RideModel.swift */; };
		EBE4B75D2AA26315007CF67F /* ParkModel.swift in Sources */ = {isa = PBXBuildFile; fileRef = EBE4B75C2AA26315007CF67F /* ParkModel.swift */; };
		EBE4B75F2AA26365007CF67F /* UserModel.swift in Sources */ = {isa = PBXBuildFile; fileRef = EBE4B75E2AA26365007CF67F /* UserModel.swift */; };
		EBE4B7612AA263C5007CF67F /* CreditModel.swift in Sources */ = {isa = PBXBuildFile; fileRef = EBE4B7602AA263C5007CF67F /* CreditModel.swift */; };
		EBE4B7632AA2675B007CF67F /* MainViewModel.swift in Sources */ = {isa = PBXBuildFile; fileRef = EBE4B7622AA2675A007CF67F /* MainViewModel.swift */; };
		EBEBEF9D2AA758E000880C0D /* Assets.xcassets in Resources */ = {isa = PBXBuildFile; fileRef = EBCC856B2A9826C400416D97 /* Assets.xcassets */; };
		EBEBEF9F2AA794BA00880C0D /* AuthView.swift in Sources */ = {isa = PBXBuildFile; fileRef = EBEBEF9E2AA794BA00880C0D /* AuthView.swift */; };
		EBEBEFA12AA7A66500880C0D /* StampView.swift in Sources */ = {isa = PBXBuildFile; fileRef = EBEBEFA02AA7A66500880C0D /* StampView.swift */; };
		EBF5A6262AA682130004B904 /* RatingView.swift in Sources */ = {isa = PBXBuildFile; fileRef = EBF5A6252AA682130004B904 /* RatingView.swift */; };
		EBF5A6282AA682810004B904 /* ClaimButtonView.swift in Sources */ = {isa = PBXBuildFile; fileRef = EBF5A6272AA682810004B904 /* ClaimButtonView.swift */; };
/* End PBXBuildFile section */

/* Begin PBXContainerItemProxy section */
		EBCC85762A9826C400416D97 /* PBXContainerItemProxy */ = {
			isa = PBXContainerItemProxy;
			containerPortal = EBCC85572A9826C000416D97 /* Project object */;
			proxyType = 1;
			remoteGlobalIDString = EBCC855E2A9826C000416D97;
			remoteInfo = CreditKeeper;
		};
		EBCC85802A9826C400416D97 /* PBXContainerItemProxy */ = {
			isa = PBXContainerItemProxy;
			containerPortal = EBCC85572A9826C000416D97 /* Project object */;
			proxyType = 1;
			remoteGlobalIDString = EBCC855E2A9826C000416D97;
			remoteInfo = CreditKeeper;
		};
/* End PBXContainerItemProxy section */

/* Begin PBXFileReference section */
		B51893342A9BB4810073D3B1 /* CodeSigning.xcconfig */ = {isa = PBXFileReference; fileEncoding = 4; lastKnownFileType = text.xcconfig; path = CodeSigning.xcconfig; sourceTree = "<group>"; };
		B51893352A9BB4810073D3B1 /* Build.xcconfig */ = {isa = PBXFileReference; fileEncoding = 4; lastKnownFileType = text.xcconfig; path = Build.xcconfig; sourceTree = "<group>"; };
		B51893382A9BB4CE0073D3B1 /* CodeSigning.xcconfig.sample */ = {isa = PBXFileReference; lastKnownFileType = text; path = CodeSigning.xcconfig.sample; sourceTree = "<group>"; };
		EB44A06B2AA529190008116D /* LocationManager.swift */ = {isa = PBXFileReference; lastKnownFileType = sourcecode.swift; path = LocationManager.swift; sourceTree = "<group>"; };
		EB44A06D2AA52B590008116D /* Info.plist */ = {isa = PBXFileReference; lastKnownFileType = text.plist; path = Info.plist; sourceTree = "<group>"; };
		EB44A06E2AA52BD10008116D /* MapView.swift */ = {isa = PBXFileReference; lastKnownFileType = sourcecode.swift; path = MapView.swift; sourceTree = "<group>"; };
		EB44A0702AA5332D0008116D /* CreditFeedView.swift */ = {isa = PBXFileReference; lastKnownFileType = sourcecode.swift; path = CreditFeedView.swift; sourceTree = "<group>"; };
		EB44A0732AA5348F0008116D /* RegisterView.swift */ = {isa = PBXFileReference; lastKnownFileType = sourcecode.swift; path = RegisterView.swift; sourceTree = "<group>"; };
		EB44A0752AA549080008116D /* AuthManager.swift */ = {isa = PBXFileReference; lastKnownFileType = sourcecode.swift; path = AuthManager.swift; sourceTree = "<group>"; };
		EB44A0772AA54F2C0008116D /* BackButtonView.swift */ = {isa = PBXFileReference; lastKnownFileType = sourcecode.swift; path = BackButtonView.swift; sourceTree = "<group>"; };
		EB44A0792AA559AD0008116D /* LoginView.swift */ = {isa = PBXFileReference; lastKnownFileType = sourcecode.swift; path = LoginView.swift; sourceTree = "<group>"; };
		EB672B932AA94A0300723178 /* RatingModel.swift */ = {isa = PBXFileReference; lastKnownFileType = sourcecode.swift; path = RatingModel.swift; sourceTree = "<group>"; };
		EB76ED742A9BC35200EFB341 /* NewsCarousel.swift */ = {isa = PBXFileReference; lastKnownFileType = sourcecode.swift; path = NewsCarousel.swift; sourceTree = "<group>"; };
		EB76ED782A9BD15000EFB341 /* SplashView.swift */ = {isa = PBXFileReference; lastKnownFileType = sourcecode.swift; path = SplashView.swift; sourceTree = "<group>"; };
		EB76ED7A2A9BD16100EFB341 /* IntroToCreditView.swift */ = {isa = PBXFileReference; lastKnownFileType = sourcecode.swift; path = IntroToCreditView.swift; sourceTree = "<group>"; };
		EB76ED7C2A9BD35100EFB341 /* NoPhoneOnCoasterView.swift */ = {isa = PBXFileReference; lastKnownFileType = sourcecode.swift; path = NoPhoneOnCoasterView.swift; sourceTree = "<group>"; };
		EB76ED7E2A9BD35D00EFB341 /* TermsConditionsView.swift */ = {isa = PBXFileReference; lastKnownFileType = sourcecode.swift; path = TermsConditionsView.swift; sourceTree = "<group>"; };
		EB76ED802A9BD51E00EFB341 /* OnboardingView.swift */ = {isa = PBXFileReference; lastKnownFileType = sourcecode.swift; path = OnboardingView.swift; sourceTree = "<group>"; };
		EB76ED822A9BE6CE00EFB341 /* AppDelegate.swift */ = {isa = PBXFileReference; lastKnownFileType = sourcecode.swift; path = AppDelegate.swift; sourceTree = "<group>"; };
		EB76ED862A9BEA0A00EFB341 /* SearchFieldView.swift */ = {isa = PBXFileReference; lastKnownFileType = sourcecode.swift; path = SearchFieldView.swift; sourceTree = "<group>"; };
		EB76ED882A9BEBE900EFB341 /* RideCapsuleView.swift */ = {isa = PBXFileReference; lastKnownFileType = sourcecode.swift; path = RideCapsuleView.swift; sourceTree = "<group>"; };
		EB88A61E2A9D87AE00819834 /* ProfileSettingCapsules.swift */ = {isa = PBXFileReference; lastKnownFileType = sourcecode.swift; path = ProfileSettingCapsules.swift; sourceTree = "<group>"; };
		EB89D2992A9AE85700A525BE /* TabBarView.swift */ = {isa = PBXFileReference; lastKnownFileType = sourcecode.swift; path = TabBarView.swift; sourceTree = "<group>"; };
		EB89D29B2A9AF2E700A525BE /* FeedPageView.swift */ = {isa = PBXFileReference; lastKnownFileType = sourcecode.swift; path = FeedPageView.swift; sourceTree = "<group>"; };
		EB89D29D2A9AF2F700A525BE /* RidePageView.swift */ = {isa = PBXFileReference; lastKnownFileType = sourcecode.swift; path = RidePageView.swift; sourceTree = "<group>"; };
		EB89D29F2A9AF30100A525BE /* ProfilePageView.swift */ = {isa = PBXFileReference; lastKnownFileType = sourcecode.swift; path = ProfilePageView.swift; sourceTree = "<group>"; };
		EB89D2A12A9AF30F00A525BE /* HeaderView.swift */ = {isa = PBXFileReference; lastKnownFileType = sourcecode.swift; path = HeaderView.swift; sourceTree = "<group>"; };
		EB89D2A32A9B6AF100A525BE /* SettingsPageView.swift */ = {isa = PBXFileReference; lastKnownFileType = sourcecode.swift; path = SettingsPageView.swift; sourceTree = "<group>"; };
		EB89D2A62A9BADDF00A525BE /* MapPageView.swift */ = {isa = PBXFileReference; lastKnownFileType = sourcecode.swift; path = MapPageView.swift; sourceTree = "<group>"; };
		EBCC855F2A9826C000416D97 /* CreditKeeper.app */ = {isa = PBXFileReference; explicitFileType = wrapper.application; includeInIndex = 0; path = CreditKeeper.app; sourceTree = BUILT_PRODUCTS_DIR; };
		EBCC85622A9826C000416D97 /* CreditKeeperApp.swift */ = {isa = PBXFileReference; lastKnownFileType = sourcecode.swift; path = CreditKeeperApp.swift; sourceTree = "<group>"; };
		EBCC85642A9826C000416D97 /* Persistence.swift */ = {isa = PBXFileReference; lastKnownFileType = sourcecode.swift; path = Persistence.swift; sourceTree = "<group>"; };
		EBCC85672A9826C000416D97 /* CreditKeeper.xcdatamodel */ = {isa = PBXFileReference; lastKnownFileType = wrapper.xcdatamodel; path = CreditKeeper.xcdatamodel; sourceTree = "<group>"; };
		EBCC85692A9826C000416D97 /* MainView.swift */ = {isa = PBXFileReference; lastKnownFileType = sourcecode.swift; path = MainView.swift; sourceTree = "<group>"; };
		EBCC856B2A9826C400416D97 /* Assets.xcassets */ = {isa = PBXFileReference; lastKnownFileType = folder.assetcatalog; name = Assets.xcassets; path = "/Users/nickmolargik/Developer/CreditKeeper-iOS/CreditKeeper/Assets.xcassets"; sourceTree = "<absolute>"; };
		EBCC856D2A9826C400416D97 /* CreditKeeper.entitlements */ = {isa = PBXFileReference; lastKnownFileType = text.plist.entitlements; path = CreditKeeper.entitlements; sourceTree = "<group>"; };
		EBCC856F2A9826C400416D97 /* Preview Assets.xcassets */ = {isa = PBXFileReference; lastKnownFileType = folder.assetcatalog; path = "Preview Assets.xcassets"; sourceTree = "<group>"; };
		EBCC85752A9826C400416D97 /* CreditKeeperTests.xctest */ = {isa = PBXFileReference; explicitFileType = wrapper.cfbundle; includeInIndex = 0; path = CreditKeeperTests.xctest; sourceTree = BUILT_PRODUCTS_DIR; };
		EBCC85792A9826C400416D97 /* CreditKeeperTests.swift */ = {isa = PBXFileReference; lastKnownFileType = sourcecode.swift; path = CreditKeeperTests.swift; sourceTree = "<group>"; };
		EBCC857F2A9826C400416D97 /* CreditKeeperUITests.xctest */ = {isa = PBXFileReference; explicitFileType = wrapper.cfbundle; includeInIndex = 0; path = CreditKeeperUITests.xctest; sourceTree = BUILT_PRODUCTS_DIR; };
		EBCC85832A9826C400416D97 /* CreditKeeperUITests.swift */ = {isa = PBXFileReference; lastKnownFileType = sourcecode.swift; path = CreditKeeperUITests.swift; sourceTree = "<group>"; };
		EBCC85852A9826C400416D97 /* CreditKeeperUITestsLaunchTests.swift */ = {isa = PBXFileReference; lastKnownFileType = sourcecode.swift; path = CreditKeeperUITestsLaunchTests.swift; sourceTree = "<group>"; };
		EBDBF3742AA502E500A3ED1D /* Launch Screen.storyboard */ = {isa = PBXFileReference; lastKnownFileType = file.storyboard; path = "Launch Screen.storyboard"; sourceTree = "<group>"; };
		EBDBF3762AA5059D00A3ED1D /* RideDetailView.swift */ = {isa = PBXFileReference; lastKnownFileType = sourcecode.swift; path = RideDetailView.swift; sourceTree = "<group>"; };
		EBE06CED2AA9E8EA00AE2D8D /* SAConfettiView.swift */ = {isa = PBXFileReference; lastKnownFileType = sourcecode.swift; path = SAConfettiView.swift; sourceTree = "<group>"; };
		EBE06CF22AA9F79200AE2D8D /* MainViewModel_Auth.swift */ = {isa = PBXFileReference; lastKnownFileType = sourcecode.swift; path = MainViewModel_Auth.swift; sourceTree = "<group>"; };
		EBE06CF82AA9FE7300AE2D8D /* NewsModel.swift */ = {isa = PBXFileReference; lastKnownFileType = sourcecode.swift; path = NewsModel.swift; sourceTree = "<group>"; };
		EBE06CFA2AA9FE7F00AE2D8D /* RelationModel.swift */ = {isa = PBXFileReference; lastKnownFileType = sourcecode.swift; path = RelationModel.swift; sourceTree = "<group>"; };
		EBE4B7552AA25F00007CF67F /* GoogleService-Info.plist */ = {isa = PBXFileReference; fileEncoding = 4; lastKnownFileType = text.plist.xml; path = "GoogleService-Info.plist"; sourceTree = "<group>"; };
		EBE4B7572AA260F8007CF67F /* FirestoreManager.swift */ = {isa = PBXFileReference; lastKnownFileType = sourcecode.swift; path = FirestoreManager.swift; sourceTree = "<group>"; };
		EBE4B75A2AA26170007CF67F /* RideModel.swift */ = {isa = PBXFileReference; lastKnownFileType = sourcecode.swift; path = RideModel.swift; sourceTree = "<group>"; };
		EBE4B75C2AA26315007CF67F /* ParkModel.swift */ = {isa = PBXFileReference; lastKnownFileType = sourcecode.swift; path = ParkModel.swift; sourceTree = "<group>"; };
		EBE4B75E2AA26365007CF67F /* UserModel.swift */ = {isa = PBXFileReference; lastKnownFileType = sourcecode.swift; path = UserModel.swift; sourceTree = "<group>"; };
		EBE4B7602AA263C5007CF67F /* CreditModel.swift */ = {isa = PBXFileReference; lastKnownFileType = sourcecode.swift; path = CreditModel.swift; sourceTree = "<group>"; };
		EBE4B7622AA2675A007CF67F /* MainViewModel.swift */ = {isa = PBXFileReference; lastKnownFileType = sourcecode.swift; path = MainViewModel.swift; sourceTree = "<group>"; };
		EBEBEF9E2AA794BA00880C0D /* AuthView.swift */ = {isa = PBXFileReference; lastKnownFileType = sourcecode.swift; path = AuthView.swift; sourceTree = "<group>"; };
		EBEBEFA02AA7A66500880C0D /* StampView.swift */ = {isa = PBXFileReference; lastKnownFileType = sourcecode.swift; path = StampView.swift; sourceTree = "<group>"; };
		EBF5A6252AA682130004B904 /* RatingView.swift */ = {isa = PBXFileReference; lastKnownFileType = sourcecode.swift; path = RatingView.swift; sourceTree = "<group>"; };
		EBF5A6272AA682810004B904 /* ClaimButtonView.swift */ = {isa = PBXFileReference; lastKnownFileType = sourcecode.swift; path = ClaimButtonView.swift; sourceTree = "<group>"; };
/* End PBXFileReference section */

/* Begin PBXFrameworksBuildPhase section */
		EBCC855C2A9826C000416D97 /* Frameworks */ = {
			isa = PBXFrameworksBuildPhase;
			buildActionMask = 2147483647;
			files = (
				EB89D2942A9AE83100A525BE /* FirebaseAnalytics in Frameworks */,
				EB89D2962A9AE83100A525BE /* FirebaseAuth in Frameworks */,
				EBE06CF12AA9E9DB00AE2D8D /* ConfettiSwiftUI in Frameworks */,
				EB89D2982A9AE83100A525BE /* FirebaseFirestore in Frameworks */,
			);
			runOnlyForDeploymentPostprocessing = 0;
		};
		EBCC85722A9826C400416D97 /* Frameworks */ = {
			isa = PBXFrameworksBuildPhase;
			buildActionMask = 2147483647;
			files = (
			);
			runOnlyForDeploymentPostprocessing = 0;
		};
		EBCC857C2A9826C400416D97 /* Frameworks */ = {
			isa = PBXFrameworksBuildPhase;
			buildActionMask = 2147483647;
			files = (
			);
			runOnlyForDeploymentPostprocessing = 0;
		};
/* End PBXFrameworksBuildPhase section */

/* Begin PBXGroup section */
		EB44A0722AA534750008116D /* AuthViews */ = {
			isa = PBXGroup;
			children = (
				EBEBEF9E2AA794BA00880C0D /* AuthView.swift */,
				EB44A0732AA5348F0008116D /* RegisterView.swift */,
				EB44A0792AA559AD0008116D /* LoginView.swift */,
			);
			path = AuthViews;
			sourceTree = "<group>";
		};
		EB76ED772A9BD10A00EFB341 /* OnboardingViews */ = {
			isa = PBXGroup;
			children = (
				EB76ED802A9BD51E00EFB341 /* OnboardingView.swift */,
				EB76ED782A9BD15000EFB341 /* SplashView.swift */,
				EB76ED7A2A9BD16100EFB341 /* IntroToCreditView.swift */,
				EB76ED7E2A9BD35D00EFB341 /* TermsConditionsView.swift */,
				EB76ED7C2A9BD35100EFB341 /* NoPhoneOnCoasterView.swift */,
			);
			path = OnboardingViews;
			sourceTree = "<group>";
		};
		EB76ED842A9BE6F600EFB341 /* MajorViews */ = {
			isa = PBXGroup;
			children = (
				EBCC85692A9826C000416D97 /* MainView.swift */,
				EB89D2A12A9AF30F00A525BE /* HeaderView.swift */,
				EB89D2992A9AE85700A525BE /* TabBarView.swift */,
			);
			path = MajorViews;
			sourceTree = "<group>";
		};
		EB76ED852A9BE9F300EFB341 /* ChildViews */ = {
			isa = PBXGroup;
			children = (
				EB44A0772AA54F2C0008116D /* BackButtonView.swift */,
			);
			path = ChildViews;
			sourceTree = "<group>";
		};
		EB89D2912A9AE78200A525BE /* Utilities */ = {
			isa = PBXGroup;
			children = (
				EB76ED822A9BE6CE00EFB341 /* AppDelegate.swift */,
				EBE4B7572AA260F8007CF67F /* FirestoreManager.swift */,
				EB44A06B2AA529190008116D /* LocationManager.swift */,
				EB44A0752AA549080008116D /* AuthManager.swift */,
			);
			path = Utilities;
			sourceTree = "<group>";
		};
		EBCC85562A9826C000416D97 = {
			isa = PBXGroup;
			children = (
				B51893352A9BB4810073D3B1 /* Build.xcconfig */,
				B51893342A9BB4810073D3B1 /* CodeSigning.xcconfig */,
				B51893382A9BB4CE0073D3B1 /* CodeSigning.xcconfig.sample */,
				EBE4B7552AA25F00007CF67F /* GoogleService-Info.plist */,
				EBCC85612A9826C000416D97 /* CreditKeeper */,
				EBCC85782A9826C400416D97 /* CreditKeeperTests */,
				EBCC85822A9826C400416D97 /* CreditKeeperUITests */,
				EBCC85602A9826C000416D97 /* Products */,
			);
			sourceTree = "<group>";
		};
		EBCC85602A9826C000416D97 /* Products */ = {
			isa = PBXGroup;
			children = (
				EBCC855F2A9826C000416D97 /* CreditKeeper.app */,
				EBCC85752A9826C400416D97 /* CreditKeeperTests.xctest */,
				EBCC857F2A9826C400416D97 /* CreditKeeperUITests.xctest */,
			);
			name = Products;
			sourceTree = "<group>";
		};
		EBCC85612A9826C000416D97 /* CreditKeeper */ = {
			isa = PBXGroup;
			children = (
				EB44A06D2AA52B590008116D /* Info.plist */,
				EBCC85622A9826C000416D97 /* CreditKeeperApp.swift */,
				EBCC85642A9826C000416D97 /* Persistence.swift */,
				EBE4B7592AA2615D007CF67F /* Models */,
				EB89D2912A9AE78200A525BE /* Utilities */,
				EB76ED772A9BD10A00EFB341 /* OnboardingViews */,
				EB44A0722AA534750008116D /* AuthViews */,
				EB76ED842A9BE6F600EFB341 /* MajorViews */,
				EBE06CF42AA9FD5100AE2D8D /* FeedViews */,
				EBE06CF52AA9FD7800AE2D8D /* RideViews */,
				EBE06CF62AA9FDA300AE2D8D /* ParkViews */,
				EBE06CF72AA9FDAA00AE2D8D /* ProfileViews */,
				EB76ED852A9BE9F300EFB341 /* ChildViews */,
				EBCC856B2A9826C400416D97 /* Assets.xcassets */,
				EBDBF3742AA502E500A3ED1D /* Launch Screen.storyboard */,
				EBCC856D2A9826C400416D97 /* CreditKeeper.entitlements */,
				EBCC85662A9826C000416D97 /* CreditKeeper.xcdatamodeld */,
				EBCC856E2A9826C400416D97 /* Preview Content */,
			);
			path = CreditKeeper;
			sourceTree = "<group>";
		};
		EBCC856E2A9826C400416D97 /* Preview Content */ = {
			isa = PBXGroup;
			children = (
				EBCC856F2A9826C400416D97 /* Preview Assets.xcassets */,
			);
			path = "Preview Content";
			sourceTree = "<group>";
		};
		EBCC85782A9826C400416D97 /* CreditKeeperTests */ = {
			isa = PBXGroup;
			children = (
				EBCC85792A9826C400416D97 /* CreditKeeperTests.swift */,
			);
			path = CreditKeeperTests;
			sourceTree = "<group>";
		};
		EBCC85822A9826C400416D97 /* CreditKeeperUITests */ = {
			isa = PBXGroup;
			children = (
				EBCC85832A9826C400416D97 /* CreditKeeperUITests.swift */,
				EBCC85852A9826C400416D97 /* CreditKeeperUITestsLaunchTests.swift */,
			);
			path = CreditKeeperUITests;
			sourceTree = "<group>";
		};
		EBE06CF42AA9FD5100AE2D8D /* FeedViews */ = {
			isa = PBXGroup;
			children = (
				EB89D29B2A9AF2E700A525BE /* FeedPageView.swift */,
				EB76ED742A9BC35200EFB341 /* NewsCarousel.swift */,
				EB44A0702AA5332D0008116D /* CreditFeedView.swift */,
			);
			path = FeedViews;
			sourceTree = "<group>";
		};
		EBE06CF52AA9FD7800AE2D8D /* RideViews */ = {
			isa = PBXGroup;
			children = (
				EB89D29D2A9AF2F700A525BE /* RidePageView.swift */,
				EB76ED882A9BEBE900EFB341 /* RideCapsuleView.swift */,
				EBF5A6272AA682810004B904 /* ClaimButtonView.swift */,
				EBE06CED2AA9E8EA00AE2D8D /* SAConfettiView.swift */,
				EBF5A6252AA682130004B904 /* RatingView.swift */,
				EBDBF3762AA5059D00A3ED1D /* RideDetailView.swift */,
				EB76ED862A9BEA0A00EFB341 /* SearchFieldView.swift */,
			);
			path = RideViews;
			sourceTree = "<group>";
		};
		EBE06CF62AA9FDA300AE2D8D /* ParkViews */ = {
			isa = PBXGroup;
			children = (
				EB89D2A62A9BADDF00A525BE /* MapPageView.swift */,
				EB44A06E2AA52BD10008116D /* MapView.swift */,
			);
			path = ParkViews;
			sourceTree = "<group>";
		};
		EBE06CF72AA9FDAA00AE2D8D /* ProfileViews */ = {
			isa = PBXGroup;
			children = (
				EB89D29F2A9AF30100A525BE /* ProfilePageView.swift */,
				EB88A61E2A9D87AE00819834 /* ProfileSettingCapsules.swift */,
				EBEBEFA02AA7A66500880C0D /* StampView.swift */,
				EB89D2A32A9B6AF100A525BE /* SettingsPageView.swift */,
			);
			path = ProfileViews;
			sourceTree = "<group>";
		};
		EBE4B7592AA2615D007CF67F /* Models */ = {
			isa = PBXGroup;
			children = (
				EBE4B7622AA2675A007CF67F /* MainViewModel.swift */,
				EBE06CF22AA9F79200AE2D8D /* MainViewModel_Auth.swift */,
				EBE4B75A2AA26170007CF67F /* RideModel.swift */,
				EBE4B75C2AA26315007CF67F /* ParkModel.swift */,
				EBE4B75E2AA26365007CF67F /* UserModel.swift */,
				EBE4B7602AA263C5007CF67F /* CreditModel.swift */,
				EB672B932AA94A0300723178 /* RatingModel.swift */,
				EBE06CFA2AA9FE7F00AE2D8D /* RelationModel.swift */,
				EBE06CF82AA9FE7300AE2D8D /* NewsModel.swift */,
			);
			path = Models;
			sourceTree = "<group>";
		};
/* End PBXGroup section */

/* Begin PBXNativeTarget section */
		EBCC855E2A9826C000416D97 /* CreditKeeper */ = {
			isa = PBXNativeTarget;
			buildConfigurationList = EBCC85892A9826C400416D97 /* Build configuration list for PBXNativeTarget "CreditKeeper" */;
			buildPhases = (
				EBCC855B2A9826C000416D97 /* Sources */,
				EBCC855C2A9826C000416D97 /* Frameworks */,
				EBCC855D2A9826C000416D97 /* Resources */,
			);
			buildRules = (
			);
			dependencies = (
			);
			name = CreditKeeper;
			packageProductDependencies = (
				EB89D2932A9AE83100A525BE /* FirebaseAnalytics */,
				EB89D2952A9AE83100A525BE /* FirebaseAuth */,
				EB89D2972A9AE83100A525BE /* FirebaseFirestore */,
				EBE06CF02AA9E9DB00AE2D8D /* ConfettiSwiftUI */,
			);
			productName = CreditKeeper;
			productReference = EBCC855F2A9826C000416D97 /* CreditKeeper.app */;
			productType = "com.apple.product-type.application";
		};
		EBCC85742A9826C400416D97 /* CreditKeeperTests */ = {
			isa = PBXNativeTarget;
			buildConfigurationList = EBCC858C2A9826C400416D97 /* Build configuration list for PBXNativeTarget "CreditKeeperTests" */;
			buildPhases = (
				EBCC85712A9826C400416D97 /* Sources */,
				EBCC85722A9826C400416D97 /* Frameworks */,
				EBCC85732A9826C400416D97 /* Resources */,
			);
			buildRules = (
			);
			dependencies = (
				EBCC85772A9826C400416D97 /* PBXTargetDependency */,
			);
			name = CreditKeeperTests;
			productName = CreditKeeperTests;
			productReference = EBCC85752A9826C400416D97 /* CreditKeeperTests.xctest */;
			productType = "com.apple.product-type.bundle.unit-test";
		};
		EBCC857E2A9826C400416D97 /* CreditKeeperUITests */ = {
			isa = PBXNativeTarget;
			buildConfigurationList = EBCC858F2A9826C400416D97 /* Build configuration list for PBXNativeTarget "CreditKeeperUITests" */;
			buildPhases = (
				EBCC857B2A9826C400416D97 /* Sources */,
				EBCC857C2A9826C400416D97 /* Frameworks */,
				EBCC857D2A9826C400416D97 /* Resources */,
			);
			buildRules = (
			);
			dependencies = (
				EBCC85812A9826C400416D97 /* PBXTargetDependency */,
			);
			name = CreditKeeperUITests;
			productName = CreditKeeperUITests;
			productReference = EBCC857F2A9826C400416D97 /* CreditKeeperUITests.xctest */;
			productType = "com.apple.product-type.bundle.ui-testing";
		};
/* End PBXNativeTarget section */

/* Begin PBXProject section */
		EBCC85572A9826C000416D97 /* Project object */ = {
			isa = PBXProject;
			attributes = {
				BuildIndependentTargetsInParallel = 1;
				LastSwiftUpdateCheck = 1500;
				LastUpgradeCheck = 1500;
				TargetAttributes = {
					EBCC855E2A9826C000416D97 = {
						CreatedOnToolsVersion = 15.0;
					};
					EBCC85742A9826C400416D97 = {
						CreatedOnToolsVersion = 15.0;
						TestTargetID = EBCC855E2A9826C000416D97;
					};
					EBCC857E2A9826C400416D97 = {
						CreatedOnToolsVersion = 15.0;
						TestTargetID = EBCC855E2A9826C000416D97;
					};
				};
			};
			buildConfigurationList = EBCC855A2A9826C000416D97 /* Build configuration list for PBXProject "CreditKeeper" */;
			compatibilityVersion = "Xcode 14.0";
			developmentRegion = en;
			hasScannedForEncodings = 0;
			knownRegions = (
				en,
				Base,
			);
			mainGroup = EBCC85562A9826C000416D97;
			packageReferences = (
				EB89D2922A9AE83100A525BE /* XCRemoteSwiftPackageReference "firebase-ios-sdk" */,
				EBE06CEF2AA9E9DB00AE2D8D /* XCRemoteSwiftPackageReference "ConfettiSwiftUI" */,
			);
			productRefGroup = EBCC85602A9826C000416D97 /* Products */;
			projectDirPath = "";
			projectRoot = "";
			targets = (
				EBCC855E2A9826C000416D97 /* CreditKeeper */,
				EBCC85742A9826C400416D97 /* CreditKeeperTests */,
				EBCC857E2A9826C400416D97 /* CreditKeeperUITests */,
			);
		};
/* End PBXProject section */

/* Begin PBXResourcesBuildPhase section */
		EBCC855D2A9826C000416D97 /* Resources */ = {
			isa = PBXResourcesBuildPhase;
			buildActionMask = 2147483647;
			files = (
				EBDBF3752AA502E500A3ED1D /* Launch Screen.storyboard in Resources */,
				EBCC85702A9826C400416D97 /* Preview Assets.xcassets in Resources */,
				B51893372A9BB4810073D3B1 /* Build.xcconfig in Resources */,
				EBE4B7562AA25F00007CF67F /* GoogleService-Info.plist in Resources */,
				EBEBEF9D2AA758E000880C0D /* Assets.xcassets in Resources */,
				B51893362A9BB4810073D3B1 /* CodeSigning.xcconfig in Resources */,
			);
			runOnlyForDeploymentPostprocessing = 0;
		};
		EBCC85732A9826C400416D97 /* Resources */ = {
			isa = PBXResourcesBuildPhase;
			buildActionMask = 2147483647;
			files = (
			);
			runOnlyForDeploymentPostprocessing = 0;
		};
		EBCC857D2A9826C400416D97 /* Resources */ = {
			isa = PBXResourcesBuildPhase;
			buildActionMask = 2147483647;
			files = (
			);
			runOnlyForDeploymentPostprocessing = 0;
		};
/* End PBXResourcesBuildPhase section */

/* Begin PBXSourcesBuildPhase section */
		EBCC855B2A9826C000416D97 /* Sources */ = {
			isa = PBXSourcesBuildPhase;
			buildActionMask = 2147483647;
			files = (
				EB89D2A72A9BADDF00A525BE /* MapPageView.swift in Sources */,
				EBE4B75D2AA26315007CF67F /* ParkModel.swift in Sources */,
				EBCC85632A9826C000416D97 /* CreditKeeperApp.swift in Sources */,
				EB89D2A22A9AF30F00A525BE /* HeaderView.swift in Sources */,
				EBE4B75B2AA26170007CF67F /* RideModel.swift in Sources */,
				EB76ED7B2A9BD16100EFB341 /* IntroToCreditView.swift in Sources */,
				EB44A06C2AA529190008116D /* LocationManager.swift in Sources */,
				EB44A0782AA54F2C0008116D /* BackButtonView.swift in Sources */,
				EBEBEF9F2AA794BA00880C0D /* AuthView.swift in Sources */,
				EB44A07A2AA559AD0008116D /* LoginView.swift in Sources */,
				EBE06CF92AA9FE7300AE2D8D /* NewsModel.swift in Sources */,
				EB44A06F2AA52BD10008116D /* MapView.swift in Sources */,
				EBE4B7612AA263C5007CF67F /* CreditModel.swift in Sources */,
				EB76ED7F2A9BD35D00EFB341 /* TermsConditionsView.swift in Sources */,
				EB89D2A02A9AF30100A525BE /* ProfilePageView.swift in Sources */,
				EBE4B75F2AA26365007CF67F /* UserModel.swift in Sources */,
				EB672B942AA94A0300723178 /* RatingModel.swift in Sources */,
				EB76ED872A9BEA0A00EFB341 /* SearchFieldView.swift in Sources */,
				EB44A0742AA5348F0008116D /* RegisterView.swift in Sources */,
				EBE06CEE2AA9E8EA00AE2D8D /* SAConfettiView.swift in Sources */,
				EB89D29C2A9AF2E700A525BE /* FeedPageView.swift in Sources */,
				EBE06CFB2AA9FE7F00AE2D8D /* RelationModel.swift in Sources */,
				EB76ED892A9BEBE900EFB341 /* RideCapsuleView.swift in Sources */,
				EB76ED7D2A9BD35100EFB341 /* NoPhoneOnCoasterView.swift in Sources */,
				EB89D2A42A9B6AF100A525BE /* SettingsPageView.swift in Sources */,
				EBCC85682A9826C000416D97 /* CreditKeeper.xcdatamodeld in Sources */,
				EB44A0762AA549080008116D /* AuthManager.swift in Sources */,
				EBCC856A2A9826C000416D97 /* MainView.swift in Sources */,
				EBE4B7632AA2675B007CF67F /* MainViewModel.swift in Sources */,
				EB76ED792A9BD15000EFB341 /* SplashView.swift in Sources */,
				EB76ED832A9BE6CE00EFB341 /* AppDelegate.swift in Sources */,
				EB76ED752A9BC35200EFB341 /* NewsCarousel.swift in Sources */,
				EB89D29A2A9AE85700A525BE /* TabBarView.swift in Sources */,
				EBF5A6262AA682130004B904 /* RatingView.swift in Sources */,
				EBCC85652A9826C000416D97 /* Persistence.swift in Sources */,
				EB76ED812A9BD51E00EFB341 /* OnboardingView.swift in Sources */,
				EBF5A6282AA682810004B904 /* ClaimButtonView.swift in Sources */,
				EB89D29E2A9AF2F700A525BE /* RidePageView.swift in Sources */,
				EB44A0712AA5332D0008116D /* CreditFeedView.swift in Sources */,
				EB88A61F2A9D87AE00819834 /* ProfileSettingCapsules.swift in Sources */,
				EBDBF3772AA5059D00A3ED1D /* RideDetailView.swift in Sources */,
				EBE4B7582AA260F8007CF67F /* FirestoreManager.swift in Sources */,
				EBEBEFA12AA7A66500880C0D /* StampView.swift in Sources */,
				EBE06CF32AA9F79200AE2D8D /* MainViewModel_Auth.swift in Sources */,
			);
			runOnlyForDeploymentPostprocessing = 0;
		};
		EBCC85712A9826C400416D97 /* Sources */ = {
			isa = PBXSourcesBuildPhase;
			buildActionMask = 2147483647;
			files = (
				EBCC857A2A9826C400416D97 /* CreditKeeperTests.swift in Sources */,
			);
			runOnlyForDeploymentPostprocessing = 0;
		};
		EBCC857B2A9826C400416D97 /* Sources */ = {
			isa = PBXSourcesBuildPhase;
			buildActionMask = 2147483647;
			files = (
				EBCC85842A9826C400416D97 /* CreditKeeperUITests.swift in Sources */,
				EBCC85862A9826C400416D97 /* CreditKeeperUITestsLaunchTests.swift in Sources */,
			);
			runOnlyForDeploymentPostprocessing = 0;
		};
/* End PBXSourcesBuildPhase section */

/* Begin PBXTargetDependency section */
		EBCC85772A9826C400416D97 /* PBXTargetDependency */ = {
			isa = PBXTargetDependency;
			target = EBCC855E2A9826C000416D97 /* CreditKeeper */;
			targetProxy = EBCC85762A9826C400416D97 /* PBXContainerItemProxy */;
		};
		EBCC85812A9826C400416D97 /* PBXTargetDependency */ = {
			isa = PBXTargetDependency;
			target = EBCC855E2A9826C000416D97 /* CreditKeeper */;
			targetProxy = EBCC85802A9826C400416D97 /* PBXContainerItemProxy */;
		};
/* End PBXTargetDependency section */

/* Begin XCBuildConfiguration section */
		EBCC85872A9826C400416D97 /* Debug */ = {
			isa = XCBuildConfiguration;
			buildSettings = {
				ALWAYS_SEARCH_USER_PATHS = NO;
				ASSETCATALOG_COMPILER_GENERATE_SWIFT_ASSET_SYMBOL_EXTENSIONS = YES;
				CLANG_ANALYZER_NONNULL = YES;
				CLANG_ANALYZER_NUMBER_OBJECT_CONVERSION = YES_AGGRESSIVE;
				CLANG_CXX_LANGUAGE_STANDARD = "gnu++20";
				CLANG_ENABLE_MODULES = YES;
				CLANG_ENABLE_OBJC_ARC = YES;
				CLANG_ENABLE_OBJC_WEAK = YES;
				CLANG_WARN_BLOCK_CAPTURE_AUTORELEASING = YES;
				CLANG_WARN_BOOL_CONVERSION = YES;
				CLANG_WARN_COMMA = YES;
				CLANG_WARN_CONSTANT_CONVERSION = YES;
				CLANG_WARN_DEPRECATED_OBJC_IMPLEMENTATIONS = YES;
				CLANG_WARN_DIRECT_OBJC_ISA_USAGE = YES_ERROR;
				CLANG_WARN_DOCUMENTATION_COMMENTS = YES;
				CLANG_WARN_EMPTY_BODY = YES;
				CLANG_WARN_ENUM_CONVERSION = YES;
				CLANG_WARN_INFINITE_RECURSION = YES;
				CLANG_WARN_INT_CONVERSION = YES;
				CLANG_WARN_NON_LITERAL_NULL_CONVERSION = YES;
				CLANG_WARN_OBJC_IMPLICIT_RETAIN_SELF = YES;
				CLANG_WARN_OBJC_LITERAL_CONVERSION = YES;
				CLANG_WARN_OBJC_ROOT_CLASS = YES_ERROR;
				CLANG_WARN_QUOTED_INCLUDE_IN_FRAMEWORK_HEADER = YES;
				CLANG_WARN_RANGE_LOOP_ANALYSIS = YES;
				CLANG_WARN_STRICT_PROTOTYPES = YES;
				CLANG_WARN_SUSPICIOUS_MOVE = YES;
				CLANG_WARN_UNGUARDED_AVAILABILITY = YES_AGGRESSIVE;
				CLANG_WARN_UNREACHABLE_CODE = YES;
				CLANG_WARN__DUPLICATE_METHOD_MATCH = YES;
				COPY_PHASE_STRIP = NO;
				DEBUG_INFORMATION_FORMAT = dwarf;
				ENABLE_STRICT_OBJC_MSGSEND = YES;
				ENABLE_TESTABILITY = YES;
				ENABLE_USER_SCRIPT_SANDBOXING = YES;
				GCC_C_LANGUAGE_STANDARD = gnu17;
				GCC_DYNAMIC_NO_PIC = NO;
				GCC_NO_COMMON_BLOCKS = YES;
				GCC_OPTIMIZATION_LEVEL = 0;
				GCC_PREPROCESSOR_DEFINITIONS = (
					"DEBUG=1",
					"$(inherited)",
				);
				GCC_WARN_64_TO_32_BIT_CONVERSION = YES;
				GCC_WARN_ABOUT_RETURN_TYPE = YES_ERROR;
				GCC_WARN_UNDECLARED_SELECTOR = YES;
				GCC_WARN_UNINITIALIZED_AUTOS = YES_AGGRESSIVE;
				GCC_WARN_UNUSED_FUNCTION = YES;
				GCC_WARN_UNUSED_VARIABLE = YES;
				IPHONEOS_DEPLOYMENT_TARGET = 15.0;
				LOCALIZATION_PREFERS_STRING_CATALOGS = YES;
				MACOSX_DEPLOYMENT_TARGET = 12.0;
				MTL_ENABLE_DEBUG_INFO = INCLUDE_SOURCE;
				MTL_FAST_MATH = YES;
				ONLY_ACTIVE_ARCH = YES;
				SWIFT_ACTIVE_COMPILATION_CONDITIONS = "DEBUG $(inherited)";
				SWIFT_OPTIMIZATION_LEVEL = "-Onone";
			};
			name = Debug;
		};
		EBCC85882A9826C400416D97 /* Release */ = {
			isa = XCBuildConfiguration;
			buildSettings = {
				ALWAYS_SEARCH_USER_PATHS = NO;
				ASSETCATALOG_COMPILER_GENERATE_SWIFT_ASSET_SYMBOL_EXTENSIONS = YES;
				CLANG_ANALYZER_NONNULL = YES;
				CLANG_ANALYZER_NUMBER_OBJECT_CONVERSION = YES_AGGRESSIVE;
				CLANG_CXX_LANGUAGE_STANDARD = "gnu++20";
				CLANG_ENABLE_MODULES = YES;
				CLANG_ENABLE_OBJC_ARC = YES;
				CLANG_ENABLE_OBJC_WEAK = YES;
				CLANG_WARN_BLOCK_CAPTURE_AUTORELEASING = YES;
				CLANG_WARN_BOOL_CONVERSION = YES;
				CLANG_WARN_COMMA = YES;
				CLANG_WARN_CONSTANT_CONVERSION = YES;
				CLANG_WARN_DEPRECATED_OBJC_IMPLEMENTATIONS = YES;
				CLANG_WARN_DIRECT_OBJC_ISA_USAGE = YES_ERROR;
				CLANG_WARN_DOCUMENTATION_COMMENTS = YES;
				CLANG_WARN_EMPTY_BODY = YES;
				CLANG_WARN_ENUM_CONVERSION = YES;
				CLANG_WARN_INFINITE_RECURSION = YES;
				CLANG_WARN_INT_CONVERSION = YES;
				CLANG_WARN_NON_LITERAL_NULL_CONVERSION = YES;
				CLANG_WARN_OBJC_IMPLICIT_RETAIN_SELF = YES;
				CLANG_WARN_OBJC_LITERAL_CONVERSION = YES;
				CLANG_WARN_OBJC_ROOT_CLASS = YES_ERROR;
				CLANG_WARN_QUOTED_INCLUDE_IN_FRAMEWORK_HEADER = YES;
				CLANG_WARN_RANGE_LOOP_ANALYSIS = YES;
				CLANG_WARN_STRICT_PROTOTYPES = YES;
				CLANG_WARN_SUSPICIOUS_MOVE = YES;
				CLANG_WARN_UNGUARDED_AVAILABILITY = YES_AGGRESSIVE;
				CLANG_WARN_UNREACHABLE_CODE = YES;
				CLANG_WARN__DUPLICATE_METHOD_MATCH = YES;
				COPY_PHASE_STRIP = NO;
				DEBUG_INFORMATION_FORMAT = "dwarf-with-dsym";
				ENABLE_NS_ASSERTIONS = NO;
				ENABLE_STRICT_OBJC_MSGSEND = YES;
				ENABLE_USER_SCRIPT_SANDBOXING = YES;
				GCC_C_LANGUAGE_STANDARD = gnu17;
				GCC_NO_COMMON_BLOCKS = YES;
				GCC_WARN_64_TO_32_BIT_CONVERSION = YES;
				GCC_WARN_ABOUT_RETURN_TYPE = YES_ERROR;
				GCC_WARN_UNDECLARED_SELECTOR = YES;
				GCC_WARN_UNINITIALIZED_AUTOS = YES_AGGRESSIVE;
				GCC_WARN_UNUSED_FUNCTION = YES;
				GCC_WARN_UNUSED_VARIABLE = YES;
				IPHONEOS_DEPLOYMENT_TARGET = 15.0;
				LOCALIZATION_PREFERS_STRING_CATALOGS = YES;
				MACOSX_DEPLOYMENT_TARGET = 12.0;
				MTL_ENABLE_DEBUG_INFO = NO;
				MTL_FAST_MATH = YES;
				SWIFT_COMPILATION_MODE = wholemodule;
			};
			name = Release;
		};
		EBCC858A2A9826C400416D97 /* Debug */ = {
			isa = XCBuildConfiguration;
			baseConfigurationReference = B51893352A9BB4810073D3B1 /* Build.xcconfig */;
			buildSettings = {
				ASSETCATALOG_COMPILER_APPICON_NAME = AppIcon;
				ASSETCATALOG_COMPILER_GLOBAL_ACCENT_COLOR_NAME = AccentColor;
				CODE_SIGN_ENTITLEMENTS = CreditKeeper/CreditKeeper.entitlements;
				CODE_SIGN_IDENTITY = "$(CODE_SIGN_IDENTITY_IOS)";
				CODE_SIGN_STYLE = Automatic;
				CURRENT_PROJECT_VERSION = "$(CURRENT_PROJECT_VERSION)";
				DEVELOPMENT_ASSET_PATHS = "\"CreditKeeper/Preview Content\"";
				DEVELOPMENT_TEAM = "$(DEVELOPMENT_TEAM)";
				ENABLE_HARDENED_RUNTIME = YES;
				ENABLE_PREVIEWS = YES;
				GENERATE_INFOPLIST_FILE = YES;
				INFOPLIST_FILE = CreditKeeper/Info.plist;
				INFOPLIST_KEY_CFBundleDisplayName = CreditKeeper;
				INFOPLIST_KEY_LSApplicationCategoryType = "public.app-category.lifestyle";
				INFOPLIST_KEY_NSLocationWhenInUseUsageDescription = "Your location is used to determine the rides nearest to you.";
				"INFOPLIST_KEY_UIApplicationSceneManifest_Generation[sdk=iphoneos*]" = YES;
				"INFOPLIST_KEY_UIApplicationSceneManifest_Generation[sdk=iphonesimulator*]" = YES;
				"INFOPLIST_KEY_UIApplicationSupportsIndirectInputEvents[sdk=iphoneos*]" = YES;
				"INFOPLIST_KEY_UIApplicationSupportsIndirectInputEvents[sdk=iphonesimulator*]" = YES;
				"INFOPLIST_KEY_UILaunchScreen_Generation[sdk=iphoneos*]" = YES;
				"INFOPLIST_KEY_UILaunchScreen_Generation[sdk=iphonesimulator*]" = YES;
				INFOPLIST_KEY_UILaunchStoryboardName = "Launch Screen.storyboard";
				"INFOPLIST_KEY_UIStatusBarStyle[sdk=iphoneos*]" = UIStatusBarStyleDefault;
				"INFOPLIST_KEY_UIStatusBarStyle[sdk=iphonesimulator*]" = UIStatusBarStyleDefault;
				INFOPLIST_KEY_UISupportedInterfaceOrientations = UIInterfaceOrientationPortrait;
				INFOPLIST_KEY_UISupportedInterfaceOrientations_iPad = "UIInterfaceOrientationLandscapeLeft UIInterfaceOrientationLandscapeRight UIInterfaceOrientationPortrait UIInterfaceOrientationPortraitUpsideDown";
				IPHONEOS_DEPLOYMENT_TARGET = 15.0;
				LD_RUNPATH_SEARCH_PATHS = "@executable_path/Frameworks";
				"LD_RUNPATH_SEARCH_PATHS[sdk=macosx*]" = "@executable_path/../Frameworks";
				MACOSX_DEPLOYMENT_TARGET = 12.0;
				MARKETING_VERSION = "$(MARKETING_VERSION)";
				PRODUCT_BUNDLE_IDENTIFIER = "$(PRODUCT_BUNDLE_IDENTIFIER)";
				PRODUCT_NAME = "$(PRODUCT_NAME)";
				SDKROOT = auto;
				SUPPORTED_PLATFORMS = "iphoneos iphonesimulator";
				SUPPORTS_MACCATALYST = NO;
				SWIFT_EMIT_LOC_STRINGS = YES;
				SWIFT_VERSION = 5.0;
				TARGETED_DEVICE_FAMILY = 1;
			};
			name = Debug;
		};
		EBCC858B2A9826C400416D97 /* Release */ = {
			isa = XCBuildConfiguration;
			baseConfigurationReference = B51893352A9BB4810073D3B1 /* Build.xcconfig */;
			buildSettings = {
				ASSETCATALOG_COMPILER_APPICON_NAME = AppIcon;
				ASSETCATALOG_COMPILER_GLOBAL_ACCENT_COLOR_NAME = AccentColor;
				CODE_SIGN_ENTITLEMENTS = CreditKeeper/CreditKeeper.entitlements;
				CODE_SIGN_IDENTITY = "$(CODE_SIGN_IDENTITY_IOS)";
				CODE_SIGN_STYLE = Automatic;
				CURRENT_PROJECT_VERSION = "$(CURRENT_PROJECT_VERSION)";
				DEVELOPMENT_ASSET_PATHS = "\"CreditKeeper/Preview Content\"";
				DEVELOPMENT_TEAM = "$(DEVELOPMENT_TEAM)";
				ENABLE_HARDENED_RUNTIME = YES;
				ENABLE_PREVIEWS = YES;
				GENERATE_INFOPLIST_FILE = YES;
				INFOPLIST_FILE = CreditKeeper/Info.plist;
				INFOPLIST_KEY_CFBundleDisplayName = CreditKeeper;
				INFOPLIST_KEY_LSApplicationCategoryType = "public.app-category.lifestyle";
				INFOPLIST_KEY_NSLocationWhenInUseUsageDescription = "Your location is used to determine the rides nearest to you.";
				"INFOPLIST_KEY_UIApplicationSceneManifest_Generation[sdk=iphoneos*]" = YES;
				"INFOPLIST_KEY_UIApplicationSceneManifest_Generation[sdk=iphonesimulator*]" = YES;
				"INFOPLIST_KEY_UIApplicationSupportsIndirectInputEvents[sdk=iphoneos*]" = YES;
				"INFOPLIST_KEY_UIApplicationSupportsIndirectInputEvents[sdk=iphonesimulator*]" = YES;
				"INFOPLIST_KEY_UILaunchScreen_Generation[sdk=iphoneos*]" = YES;
				"INFOPLIST_KEY_UILaunchScreen_Generation[sdk=iphonesimulator*]" = YES;
				INFOPLIST_KEY_UILaunchStoryboardName = "Launch Screen.storyboard";
				"INFOPLIST_KEY_UIStatusBarStyle[sdk=iphoneos*]" = UIStatusBarStyleDefault;
				"INFOPLIST_KEY_UIStatusBarStyle[sdk=iphonesimulator*]" = UIStatusBarStyleDefault;
				INFOPLIST_KEY_UISupportedInterfaceOrientations = UIInterfaceOrientationPortrait;
				INFOPLIST_KEY_UISupportedInterfaceOrientations_iPad = "UIInterfaceOrientationLandscapeLeft UIInterfaceOrientationLandscapeRight UIInterfaceOrientationPortrait UIInterfaceOrientationPortraitUpsideDown";
				IPHONEOS_DEPLOYMENT_TARGET = 15.0;
				LD_RUNPATH_SEARCH_PATHS = "@executable_path/Frameworks";
				"LD_RUNPATH_SEARCH_PATHS[sdk=macosx*]" = "@executable_path/../Frameworks";
				MACOSX_DEPLOYMENT_TARGET = 12.0;
				MARKETING_VERSION = "$(MARKETING_VERSION)";
				PRODUCT_BUNDLE_IDENTIFIER = "$(PRODUCT_BUNDLE_IDENTIFIER)";
				PRODUCT_NAME = "$(PRODUCT_NAME)";
				SDKROOT = auto;
				SUPPORTED_PLATFORMS = "iphoneos iphonesimulator";
				SUPPORTS_MACCATALYST = NO;
				SWIFT_EMIT_LOC_STRINGS = YES;
				SWIFT_VERSION = 5.0;
				TARGETED_DEVICE_FAMILY = 1;
			};
			name = Release;
		};
		EBCC858D2A9826C400416D97 /* Debug */ = {
			isa = XCBuildConfiguration;
			buildSettings = {
				ALWAYS_EMBED_SWIFT_STANDARD_LIBRARIES = YES;
				BUNDLE_LOADER = "$(TEST_HOST)";
				CODE_SIGN_STYLE = Automatic;
				CURRENT_PROJECT_VERSION = 1;
				DEVELOPMENT_TEAM = R8Q8DM58C6;
				GENERATE_INFOPLIST_FILE = YES;
				IPHONEOS_DEPLOYMENT_TARGET = 15.0;
				MACOSX_DEPLOYMENT_TARGET = 12.0;
				MARKETING_VERSION = 1.0;
				PRODUCT_BUNDLE_IDENTIFIER = nickmolargik.CreditKeeperTests;
				PRODUCT_NAME = "$(TARGET_NAME)";
				SDKROOT = auto;
				SUPPORTED_PLATFORMS = "iphoneos iphonesimulator macosx";
				SWIFT_EMIT_LOC_STRINGS = NO;
				SWIFT_VERSION = 5.0;
				TARGETED_DEVICE_FAMILY = "1,2";
				TEST_HOST = "$(BUILT_PRODUCTS_DIR)/CreditKeeper.app/$(BUNDLE_EXECUTABLE_FOLDER_PATH)/CreditKeeper";
			};
			name = Debug;
		};
		EBCC858E2A9826C400416D97 /* Release */ = {
			isa = XCBuildConfiguration;
			buildSettings = {
				ALWAYS_EMBED_SWIFT_STANDARD_LIBRARIES = YES;
				BUNDLE_LOADER = "$(TEST_HOST)";
				CODE_SIGN_STYLE = Automatic;
				CURRENT_PROJECT_VERSION = 1;
				DEVELOPMENT_TEAM = R8Q8DM58C6;
				GENERATE_INFOPLIST_FILE = YES;
				IPHONEOS_DEPLOYMENT_TARGET = 15.0;
				MACOSX_DEPLOYMENT_TARGET = 12.0;
				MARKETING_VERSION = 1.0;
				PRODUCT_BUNDLE_IDENTIFIER = nickmolargik.CreditKeeperTests;
				PRODUCT_NAME = "$(TARGET_NAME)";
				SDKROOT = auto;
				SUPPORTED_PLATFORMS = "iphoneos iphonesimulator macosx";
				SWIFT_EMIT_LOC_STRINGS = NO;
				SWIFT_VERSION = 5.0;
				TARGETED_DEVICE_FAMILY = "1,2";
				TEST_HOST = "$(BUILT_PRODUCTS_DIR)/CreditKeeper.app/$(BUNDLE_EXECUTABLE_FOLDER_PATH)/CreditKeeper";
			};
			name = Release;
		};
		EBCC85902A9826C400416D97 /* Debug */ = {
			isa = XCBuildConfiguration;
			buildSettings = {
				ALWAYS_EMBED_SWIFT_STANDARD_LIBRARIES = YES;
				CODE_SIGN_STYLE = Automatic;
				CURRENT_PROJECT_VERSION = 1;
				DEVELOPMENT_TEAM = R8Q8DM58C6;
				GENERATE_INFOPLIST_FILE = YES;
				IPHONEOS_DEPLOYMENT_TARGET = 15.0;
				MACOSX_DEPLOYMENT_TARGET = 12.0;
				MARKETING_VERSION = 1.0;
				PRODUCT_BUNDLE_IDENTIFIER = nickmolargik.CreditKeeperUITests;
				PRODUCT_NAME = "$(TARGET_NAME)";
				SDKROOT = auto;
				SUPPORTED_PLATFORMS = "iphoneos iphonesimulator macosx";
				SWIFT_EMIT_LOC_STRINGS = NO;
				SWIFT_VERSION = 5.0;
				TARGETED_DEVICE_FAMILY = "1,2";
				TEST_TARGET_NAME = CreditKeeper;
			};
			name = Debug;
		};
		EBCC85912A9826C400416D97 /* Release */ = {
			isa = XCBuildConfiguration;
			buildSettings = {
				ALWAYS_EMBED_SWIFT_STANDARD_LIBRARIES = YES;
				CODE_SIGN_STYLE = Automatic;
				CURRENT_PROJECT_VERSION = 1;
				DEVELOPMENT_TEAM = R8Q8DM58C6;
				GENERATE_INFOPLIST_FILE = YES;
				IPHONEOS_DEPLOYMENT_TARGET = 15.0;
				MACOSX_DEPLOYMENT_TARGET = 12.0;
				MARKETING_VERSION = 1.0;
				PRODUCT_BUNDLE_IDENTIFIER = nickmolargik.CreditKeeperUITests;
				PRODUCT_NAME = "$(TARGET_NAME)";
				SDKROOT = auto;
				SUPPORTED_PLATFORMS = "iphoneos iphonesimulator macosx";
				SWIFT_EMIT_LOC_STRINGS = NO;
				SWIFT_VERSION = 5.0;
				TARGETED_DEVICE_FAMILY = "1,2";
				TEST_TARGET_NAME = CreditKeeper;
			};
			name = Release;
		};
/* End XCBuildConfiguration section */

/* Begin XCConfigurationList section */
		EBCC855A2A9826C000416D97 /* Build configuration list for PBXProject "CreditKeeper" */ = {
			isa = XCConfigurationList;
			buildConfigurations = (
				EBCC85872A9826C400416D97 /* Debug */,
				EBCC85882A9826C400416D97 /* Release */,
			);
			defaultConfigurationIsVisible = 0;
			defaultConfigurationName = Release;
		};
		EBCC85892A9826C400416D97 /* Build configuration list for PBXNativeTarget "CreditKeeper" */ = {
			isa = XCConfigurationList;
			buildConfigurations = (
				EBCC858A2A9826C400416D97 /* Debug */,
				EBCC858B2A9826C400416D97 /* Release */,
			);
			defaultConfigurationIsVisible = 0;
			defaultConfigurationName = Release;
		};
		EBCC858C2A9826C400416D97 /* Build configuration list for PBXNativeTarget "CreditKeeperTests" */ = {
			isa = XCConfigurationList;
			buildConfigurations = (
				EBCC858D2A9826C400416D97 /* Debug */,
				EBCC858E2A9826C400416D97 /* Release */,
			);
			defaultConfigurationIsVisible = 0;
			defaultConfigurationName = Release;
		};
		EBCC858F2A9826C400416D97 /* Build configuration list for PBXNativeTarget "CreditKeeperUITests" */ = {
			isa = XCConfigurationList;
			buildConfigurations = (
				EBCC85902A9826C400416D97 /* Debug */,
				EBCC85912A9826C400416D97 /* Release */,
			);
			defaultConfigurationIsVisible = 0;
			defaultConfigurationName = Release;
		};
/* End XCConfigurationList section */

/* Begin XCRemoteSwiftPackageReference section */
		EB89D2922A9AE83100A525BE /* XCRemoteSwiftPackageReference "firebase-ios-sdk" */ = {
			isa = XCRemoteSwiftPackageReference;
			repositoryURL = "https://github.com/firebase/firebase-ios-sdk.git";
			requirement = {
				kind = upToNextMajorVersion;
				minimumVersion = 10.14.0;
			};
		};
		EBE06CEF2AA9E9DB00AE2D8D /* XCRemoteSwiftPackageReference "ConfettiSwiftUI" */ = {
			isa = XCRemoteSwiftPackageReference;
			repositoryURL = "https://github.com/simibac/ConfettiSwiftUI.git";
			requirement = {
				kind = upToNextMajorVersion;
				minimumVersion = 1.1.0;
			};
		};
/* End XCRemoteSwiftPackageReference section */

/* Begin XCSwiftPackageProductDependency section */
		EB89D2932A9AE83100A525BE /* FirebaseAnalytics */ = {
			isa = XCSwiftPackageProductDependency;
			package = EB89D2922A9AE83100A525BE /* XCRemoteSwiftPackageReference "firebase-ios-sdk" */;
			productName = FirebaseAnalytics;
		};
		EB89D2952A9AE83100A525BE /* FirebaseAuth */ = {
			isa = XCSwiftPackageProductDependency;
			package = EB89D2922A9AE83100A525BE /* XCRemoteSwiftPackageReference "firebase-ios-sdk" */;
			productName = FirebaseAuth;
		};
		EB89D2972A9AE83100A525BE /* FirebaseFirestore */ = {
			isa = XCSwiftPackageProductDependency;
			package = EB89D2922A9AE83100A525BE /* XCRemoteSwiftPackageReference "firebase-ios-sdk" */;
			productName = FirebaseFirestore;
		};
		EBE06CF02AA9E9DB00AE2D8D /* ConfettiSwiftUI */ = {
			isa = XCSwiftPackageProductDependency;
			package = EBE06CEF2AA9E9DB00AE2D8D /* XCRemoteSwiftPackageReference "ConfettiSwiftUI" */;
			productName = ConfettiSwiftUI;
		};
/* End XCSwiftPackageProductDependency section */

/* Begin XCVersionGroup section */
		EBCC85662A9826C000416D97 /* CreditKeeper.xcdatamodeld */ = {
			isa = XCVersionGroup;
			children = (
				EBCC85672A9826C000416D97 /* CreditKeeper.xcdatamodel */,
			);
			currentVersion = EBCC85672A9826C000416D97 /* CreditKeeper.xcdatamodel */;
			path = CreditKeeper.xcdatamodeld;
			sourceTree = "<group>";
			versionGroupType = wrapper.xcdatamodel;
		};
/* End XCVersionGroup section */
	};
	rootObject = EBCC85572A9826C000416D97 /* Project object */;
}
